
Microsoft Visual Studio Solution File, Format Version 12.00
# Visual Studio Version 17
VisualStudioVersion = 17.5.33530.505
MinimumVisualStudioVersion = 10.0.40219.1
Project("{FAE04EC0-301F-11D3-BF4B-00C04F79EFBC}") = "Hackathon", "Hackathon\Hackathon.csproj", "{4A8738F7-5206-4BAE-ACA7-E99AF6FB0155}"
EndProject
Global
	GlobalSection(SolutionConfigurationPlatforms) = preSolution
		Debug|Any CPU = Debug|Any CPU
		Release|Any CPU = Release|Any CPU
	EndGlobalSection
	GlobalSection(ProjectConfigurationPlatforms) = postSolution
		{4A8738F7-5206-4BAE-ACA7-E99AF6FB0155}.Debug|Any CPU.ActiveCfg = Debug|Any CPU
		{4A8738F7-5206-4BAE-ACA7-E99AF6FB0155}.Debug|Any CPU.Build.0 = Debug|Any CPU
		{4A8738F7-5206-4BAE-ACA7-E99AF6FB0155}.Release|Any CPU.ActiveCfg = Release|Any CPU
		{4A8738F7-5206-4BAE-ACA7-E99AF6FB0155}.Release|Any CPU.Build.0 = Release|Any CPU
	EndGlobalSection
	GlobalSection(SolutionProperties) = preSolution
		HideSolutionNode = FALSE
	EndGlobalSection
	GlobalSection(ExtensibilityGlobals) = postSolution
		SolutionGuid = {09E32BAA-EB79-4277-A700-8F219C6B2E63}
	EndGlobalSection
EndGlobal
